
Microsoft Visual Studio Solution File, Format Version 12.00
# Visual Studio Version 17
VisualStudioVersion = 17.11.35327.3
MinimumVisualStudioVersion = 10.0.40219.1
Project("{FAE04EC0-301F-11D3-BF4B-00C04F79EFBC}") = "Tienda", "Tienda\Tienda.csproj", "{41362279-7E21-4082-A0D8-19E96BEDA7F2}"
EndProject
Global
	GlobalSection(SolutionConfigurationPlatforms) = preSolution
		Debug|Any CPU = Debug|Any CPU
		Release|Any CPU = Release|Any CPU
	EndGlobalSection
	GlobalSection(ProjectConfigurationPlatforms) = postSolution
		{41362279-7E21-4082-A0D8-19E96BEDA7F2}.Debug|Any CPU.ActiveCfg = Debug|Any CPU
		{41362279-7E21-4082-A0D8-19E96BEDA7F2}.Debug|Any CPU.Build.0 = Debug|Any CPU
		{41362279-7E21-4082-A0D8-19E96BEDA7F2}.Release|Any CPU.ActiveCfg = Release|Any CPU
		{41362279-7E21-4082-A0D8-19E96BEDA7F2}.Release|Any CPU.Build.0 = Release|Any CPU
	EndGlobalSection
	GlobalSection(SolutionProperties) = preSolution
		HideSolutionNode = FALSE
	EndGlobalSection
	GlobalSection(ExtensibilityGlobals) = postSolution
		SolutionGuid = {5ED76DC5-6F0C-497B-ADBB-AC77C8543A44}
	EndGlobalSection
EndGlobal
